
Microsoft Visual Studio Solution File, Format Version 11.00
# Visual Studio 2010
Project("{FAE04EC0-301F-11D3-BF4B-00C04F79EFBC}") = "Assembly-CSharp", "Assembly-CSharp.csproj", "{AFC724DF-4DA0-F42F-2443-27117AA85B4E}"
EndProject
Global
	GlobalSection(SolutionConfigurationPlatforms) = preSolution
		Debug|Any CPU = Debug|Any CPU
		Release|Any CPU = Release|Any CPU
	EndGlobalSection
	GlobalSection(ProjectConfigurationPlatforms) = postSolution
		{AFC724DF-4DA0-F42F-2443-27117AA85B4E}.Debug|Any CPU.ActiveCfg = Debug|Any CPU
		{AFC724DF-4DA0-F42F-2443-27117AA85B4E}.Debug|Any CPU.Build.0 = Debug|Any CPU
		{AFC724DF-4DA0-F42F-2443-27117AA85B4E}.Release|Any CPU.ActiveCfg = Release|Any CPU
		{AFC724DF-4DA0-F42F-2443-27117AA85B4E}.Release|Any CPU.Build.0 = Release|Any CPU
	EndGlobalSection
	GlobalSection(SolutionProperties) = preSolution
		HideSolutionNode = FALSE
	EndGlobalSection
	GlobalSection(MonoDevelopProperties) = preSolution
		StartupItem = Assembly-CSharp.csproj
	EndGlobalSection
EndGlobal
